
Microsoft Visual Studio Solution File, Format Version 12.00
# Visual Studio Version 17
VisualStudioVersion = 17.14.36310.24
MinimumVisualStudioVersion = 10.0.40219.1
Project("{FAE04EC0-301F-11D3-BF4B-00C04F79EFBC}") = "BirthdayGiftMadamG", "Birthday Gift Madam g\BirthdayGiftMadamG.csproj", "{2CC560C7-A6EF-489C-8C95-008DDE903963}"
EndProject
Global
	GlobalSection(SolutionConfigurationPlatforms) = preSolution
		Debug|Any CPU = Debug|Any CPU
		Release|Any CPU = Release|Any CPU
	EndGlobalSection
	GlobalSection(ProjectConfigurationPlatforms) = postSolution
		{2CC560C7-A6EF-489C-8C95-008DDE903963}.Debug|Any CPU.ActiveCfg = Debug|Any CPU
		{2CC560C7-A6EF-489C-8C95-008DDE903963}.Debug|Any CPU.Build.0 = Debug|Any CPU
		{2CC560C7-A6EF-489C-8C95-008DDE903963}.Release|Any CPU.ActiveCfg = Release|Any CPU
		{2CC560C7-A6EF-489C-8C95-008DDE903963}.Release|Any CPU.Build.0 = Release|Any CPU
	EndGlobalSection
	GlobalSection(SolutionProperties) = preSolution
		HideSolutionNode = FALSE
	EndGlobalSection
	GlobalSection(ExtensibilityGlobals) = postSolution
		SolutionGuid = {0910C6AD-B9EE-4D20-A08F-1C46FBCAD282}
	EndGlobalSection
EndGlobal
